
Microsoft Visual Studio Solution File, Format Version 12.00
# Visual Studio Version 17
VisualStudioVersion = 17.14.36518.9
MinimumVisualStudioVersion = 10.0.40219.1
Project("{FAE04EC0-301F-11D3-BF4B-00C04F79EFBC}") = "TransferCenterDbStore", "TransferCenterDbStore\TransferCenterDbStore.csproj", "{5F7CA1B3-46CC-4C23-8510-AB02AB9C3D07}"
EndProject
Project("{FAE04EC0-301F-11D3-BF4B-00C04F79EFBC}") = "TransferCenterHelper", "TransferCenterHelper\TransferCenterHelper.csproj", "{CD154970-DBC0-4CA9-AE80-60D38925405C}"
EndProject
Project("{FAE04EC0-301F-11D3-BF4B-00C04F79EFBC}") = "TransferCenterCore", "TransferCenterCore\TransferCenterCore.csproj", "{CCD083D9-22C2-4243-99DF-7ECBA5096C60}"
EndProject
Project("{00D1A9C2-B5F0-4AF3-8072-F6C62B433612}") = "TransferCenterDB", "TransferCenterDB\TransferCenterDB.sqlproj", "{41368415-B5DD-4F58-AF14-0E19BDE3CEA2}"
EndProject
Project("{FAE04EC0-301F-11D3-BF4B-00C04F79EFBC}") = "TransferCenterWeb", "TransferCenterWeb\TransferCenterWeb.csproj", "{A6AC15BA-7B52-44C3-9CC1-3CD33060BE26}"
EndProject
Project("{2150E333-8FDC-42A3-9474-1A3956D46DE8}") = "1. Host", "1. Host", "{02EA681E-C7D8-13C7-8484-4AC65E1B71E8}"
EndProject
Project("{2150E333-8FDC-42A3-9474-1A3956D46DE8}") = "2. Core", "2. Core", "{A62A08E1-49BD-400A-AF1D-A3B9E2094FED}"
EndProject
Project("{2150E333-8FDC-42A3-9474-1A3956D46DE8}") = "3. Store", "3. Store", "{4561DE03-FF9A-44C3-85A3-7ED07DD901F7}"
EndProject
Global
	GlobalSection(SolutionConfigurationPlatforms) = preSolution
		Debug|Any CPU = Debug|Any CPU
		Release|Any CPU = Release|Any CPU
	EndGlobalSection
	GlobalSection(ProjectConfigurationPlatforms) = postSolution
		{5F7CA1B3-46CC-4C23-8510-AB02AB9C3D07}.Debug|Any CPU.ActiveCfg = Debug|Any CPU
		{5F7CA1B3-46CC-4C23-8510-AB02AB9C3D07}.Debug|Any CPU.Build.0 = Debug|Any CPU
		{5F7CA1B3-46CC-4C23-8510-AB02AB9C3D07}.Release|Any CPU.ActiveCfg = Release|Any CPU
		{5F7CA1B3-46CC-4C23-8510-AB02AB9C3D07}.Release|Any CPU.Build.0 = Release|Any CPU
		{CD154970-DBC0-4CA9-AE80-60D38925405C}.Debug|Any CPU.ActiveCfg = Debug|Any CPU
		{CD154970-DBC0-4CA9-AE80-60D38925405C}.Debug|Any CPU.Build.0 = Debug|Any CPU
		{CD154970-DBC0-4CA9-AE80-60D38925405C}.Release|Any CPU.ActiveCfg = Release|Any CPU
		{CD154970-DBC0-4CA9-AE80-60D38925405C}.Release|Any CPU.Build.0 = Release|Any CPU
		{CCD083D9-22C2-4243-99DF-7ECBA5096C60}.Debug|Any CPU.ActiveCfg = Debug|Any CPU
		{CCD083D9-22C2-4243-99DF-7ECBA5096C60}.Debug|Any CPU.Build.0 = Debug|Any CPU
		{CCD083D9-22C2-4243-99DF-7ECBA5096C60}.Release|Any CPU.ActiveCfg = Release|Any CPU
		{CCD083D9-22C2-4243-99DF-7ECBA5096C60}.Release|Any CPU.Build.0 = Release|Any CPU
		{41368415-B5DD-4F58-AF14-0E19BDE3CEA2}.Debug|Any CPU.ActiveCfg = Debug|Any CPU
		{41368415-B5DD-4F58-AF14-0E19BDE3CEA2}.Debug|Any CPU.Deploy.0 = Debug|Any CPU
		{41368415-B5DD-4F58-AF14-0E19BDE3CEA2}.Release|Any CPU.ActiveCfg = Release|Any CPU
		{41368415-B5DD-4F58-AF14-0E19BDE3CEA2}.Release|Any CPU.Build.0 = Release|Any CPU
		{41368415-B5DD-4F58-AF14-0E19BDE3CEA2}.Release|Any CPU.Deploy.0 = Release|Any CPU
		{A6AC15BA-7B52-44C3-9CC1-3CD33060BE26}.Debug|Any CPU.ActiveCfg = Debug|Any CPU
		{A6AC15BA-7B52-44C3-9CC1-3CD33060BE26}.Debug|Any CPU.Build.0 = Debug|Any CPU
		{A6AC15BA-7B52-44C3-9CC1-3CD33060BE26}.Release|Any CPU.ActiveCfg = Release|Any CPU
		{A6AC15BA-7B52-44C3-9CC1-3CD33060BE26}.Release|Any CPU.Build.0 = Release|Any CPU
	EndGlobalSection
	GlobalSection(SolutionProperties) = preSolution
		HideSolutionNode = FALSE
	EndGlobalSection
	GlobalSection(NestedProjects) = preSolution
		{5F7CA1B3-46CC-4C23-8510-AB02AB9C3D07} = {4561DE03-FF9A-44C3-85A3-7ED07DD901F7}
		{CD154970-DBC0-4CA9-AE80-60D38925405C} = {A62A08E1-49BD-400A-AF1D-A3B9E2094FED}
		{CCD083D9-22C2-4243-99DF-7ECBA5096C60} = {A62A08E1-49BD-400A-AF1D-A3B9E2094FED}
		{41368415-B5DD-4F58-AF14-0E19BDE3CEA2} = {4561DE03-FF9A-44C3-85A3-7ED07DD901F7}
		{A6AC15BA-7B52-44C3-9CC1-3CD33060BE26} = {02EA681E-C7D8-13C7-8484-4AC65E1B71E8}
	EndGlobalSection
	GlobalSection(ExtensibilityGlobals) = postSolution
		SolutionGuid = {793E7141-9B3E-49F5-95D9-D47D42D46F6D}
	EndGlobalSection
EndGlobal
